
Microsoft Visual Studio Solution File, Format Version 12.00
# Visual Studio 14
VisualStudioVersion = 14.0.25420.1
MinimumVisualStudioVersion = 10.0.40219.1
Project("{FAE04EC0-301F-11D3-BF4B-00C04F79EFBC}") = "buoi1", "buoi1\buoi1.csproj", "{4E77800F-3D45-4A7F-A46A-CA8DEAE0F8E8}"
EndProject
Project("{FAE04EC0-301F-11D3-BF4B-00C04F79EFBC}") = "blank", "blank\blank.csproj", "{8065FF14-4465-46B7-A3D0-05C3F2CF78D0}"
EndProject
Project("{FAE04EC0-301F-11D3-BF4B-00C04F79EFBC}") = "bai1", "bai1\bai1.csproj", "{EA9D81BA-7C05-4485-99DA-3F0D194AE2CF}"
EndProject
Project("{FAE04EC0-301F-11D3-BF4B-00C04F79EFBC}") = "bai2", "bai2\bai2.csproj", "{67873DEF-F3BB-481D-872F-10429B09772C}"
EndProject
Global
	GlobalSection(SolutionConfigurationPlatforms) = preSolution
		Debug|Any CPU = Debug|Any CPU
		Release|Any CPU = Release|Any CPU
	EndGlobalSection
	GlobalSection(ProjectConfigurationPlatforms) = postSolution
		{4E77800F-3D45-4A7F-A46A-CA8DEAE0F8E8}.Debug|Any CPU.ActiveCfg = Debug|Any CPU
		{4E77800F-3D45-4A7F-A46A-CA8DEAE0F8E8}.Debug|Any CPU.Build.0 = Debug|Any CPU
		{4E77800F-3D45-4A7F-A46A-CA8DEAE0F8E8}.Release|Any CPU.ActiveCfg = Release|Any CPU
		{4E77800F-3D45-4A7F-A46A-CA8DEAE0F8E8}.Release|Any CPU.Build.0 = Release|Any CPU
		{8065FF14-4465-46B7-A3D0-05C3F2CF78D0}.Debug|Any CPU.ActiveCfg = Debug|Any CPU
		{8065FF14-4465-46B7-A3D0-05C3F2CF78D0}.Debug|Any CPU.Build.0 = Debug|Any CPU
		{8065FF14-4465-46B7-A3D0-05C3F2CF78D0}.Release|Any CPU.ActiveCfg = Release|Any CPU
		{8065FF14-4465-46B7-A3D0-05C3F2CF78D0}.Release|Any CPU.Build.0 = Release|Any CPU
		{EA9D81BA-7C05-4485-99DA-3F0D194AE2CF}.Debug|Any CPU.ActiveCfg = Debug|Any CPU
		{EA9D81BA-7C05-4485-99DA-3F0D194AE2CF}.Debug|Any CPU.Build.0 = Debug|Any CPU
		{EA9D81BA-7C05-4485-99DA-3F0D194AE2CF}.Release|Any CPU.ActiveCfg = Release|Any CPU
		{EA9D81BA-7C05-4485-99DA-3F0D194AE2CF}.Release|Any CPU.Build.0 = Release|Any CPU
		{67873DEF-F3BB-481D-872F-10429B09772C}.Debug|Any CPU.ActiveCfg = Debug|Any CPU
		{67873DEF-F3BB-481D-872F-10429B09772C}.Debug|Any CPU.Build.0 = Debug|Any CPU
		{67873DEF-F3BB-481D-872F-10429B09772C}.Release|Any CPU.ActiveCfg = Release|Any CPU
		{67873DEF-F3BB-481D-872F-10429B09772C}.Release|Any CPU.Build.0 = Release|Any CPU
	EndGlobalSection
	GlobalSection(SolutionProperties) = preSolution
		HideSolutionNode = FALSE
	EndGlobalSection
EndGlobal
